
Microsoft Visual Studio Solution File, Format Version 12.00
# Visual Studio Version 16
VisualStudioVersion = 16.0.31729.503
MinimumVisualStudioVersion = 10.0.40219.1
Project("{FAE04EC0-301F-11D3-BF4B-00C04F79EFBC}") = "GeekB_CSharp_level_2", "GeekB_CSharp_level_2\GeekB_CSharp_level_2.csproj", "{A06F337A-A8BB-4AC6-9D44-6151C3A70197}"
EndProject
Project("{FAE04EC0-301F-11D3-BF4B-00C04F79EFBC}") = "Lesson1HW_Asteroids", "Lesson1HW_Asteroids\Lesson1HW_Asteroids.csproj", "{33C74FA7-49E4-4AB2-9B2D-D95736E54138}"
EndProject
Project("{FAE04EC0-301F-11D3-BF4B-00C04F79EFBC}") = "Interfaces", "Interfaces\Interfaces.csproj", "{DFBB12C2-0BC5-4E75-AC7B-CD60EE84DA7B}"
EndProject
Project("{FAE04EC0-301F-11D3-BF4B-00C04F79EFBC}") = "Workers_hw_Lesson2", "Workers_hw_Lesson2\Workers_hw_Lesson2.csproj", "{00B7DA3C-5618-46D6-8CE9-54DCC67D047B}"
EndProject
Project("{FAE04EC0-301F-11D3-BF4B-00C04F79EFBC}") = "MyDelegats", "MyDelegats\MyDelegats.csproj", "{697474DA-C837-42CF-911E-CB56E8E3D12D}"
EndProject
Project("{FAE04EC0-301F-11D3-BF4B-00C04F79EFBC}") = "Lesson3", "Lesson3\Lesson3.csproj", "{60C509A7-FDFF-4473-A48D-F12E3AB1AC74}"
EndProject
Global
	GlobalSection(SolutionConfigurationPlatforms) = preSolution
		Debug|Any CPU = Debug|Any CPU
		Release|Any CPU = Release|Any CPU
	EndGlobalSection
	GlobalSection(ProjectConfigurationPlatforms) = postSolution
		{A06F337A-A8BB-4AC6-9D44-6151C3A70197}.Debug|Any CPU.ActiveCfg = Debug|Any CPU
		{A06F337A-A8BB-4AC6-9D44-6151C3A70197}.Debug|Any CPU.Build.0 = Debug|Any CPU
		{A06F337A-A8BB-4AC6-9D44-6151C3A70197}.Release|Any CPU.ActiveCfg = Release|Any CPU
		{A06F337A-A8BB-4AC6-9D44-6151C3A70197}.Release|Any CPU.Build.0 = Release|Any CPU
		{33C74FA7-49E4-4AB2-9B2D-D95736E54138}.Debug|Any CPU.ActiveCfg = Debug|Any CPU
		{33C74FA7-49E4-4AB2-9B2D-D95736E54138}.Debug|Any CPU.Build.0 = Debug|Any CPU
		{33C74FA7-49E4-4AB2-9B2D-D95736E54138}.Release|Any CPU.ActiveCfg = Release|Any CPU
		{33C74FA7-49E4-4AB2-9B2D-D95736E54138}.Release|Any CPU.Build.0 = Release|Any CPU
		{DFBB12C2-0BC5-4E75-AC7B-CD60EE84DA7B}.Debug|Any CPU.ActiveCfg = Debug|Any CPU
		{DFBB12C2-0BC5-4E75-AC7B-CD60EE84DA7B}.Debug|Any CPU.Build.0 = Debug|Any CPU
		{DFBB12C2-0BC5-4E75-AC7B-CD60EE84DA7B}.Release|Any CPU.ActiveCfg = Release|Any CPU
		{DFBB12C2-0BC5-4E75-AC7B-CD60EE84DA7B}.Release|Any CPU.Build.0 = Release|Any CPU
		{00B7DA3C-5618-46D6-8CE9-54DCC67D047B}.Debug|Any CPU.ActiveCfg = Debug|Any CPU
		{00B7DA3C-5618-46D6-8CE9-54DCC67D047B}.Debug|Any CPU.Build.0 = Debug|Any CPU
		{00B7DA3C-5618-46D6-8CE9-54DCC67D047B}.Release|Any CPU.ActiveCfg = Release|Any CPU
		{00B7DA3C-5618-46D6-8CE9-54DCC67D047B}.Release|Any CPU.Build.0 = Release|Any CPU
		{697474DA-C837-42CF-911E-CB56E8E3D12D}.Debug|Any CPU.ActiveCfg = Debug|Any CPU
		{697474DA-C837-42CF-911E-CB56E8E3D12D}.Debug|Any CPU.Build.0 = Debug|Any CPU
		{697474DA-C837-42CF-911E-CB56E8E3D12D}.Release|Any CPU.ActiveCfg = Release|Any CPU
		{697474DA-C837-42CF-911E-CB56E8E3D12D}.Release|Any CPU.Build.0 = Release|Any CPU
		{60C509A7-FDFF-4473-A48D-F12E3AB1AC74}.Debug|Any CPU.ActiveCfg = Debug|Any CPU
		{60C509A7-FDFF-4473-A48D-F12E3AB1AC74}.Debug|Any CPU.Build.0 = Debug|Any CPU
		{60C509A7-FDFF-4473-A48D-F12E3AB1AC74}.Release|Any CPU.ActiveCfg = Release|Any CPU
		{60C509A7-FDFF-4473-A48D-F12E3AB1AC74}.Release|Any CPU.Build.0 = Release|Any CPU
	EndGlobalSection
	GlobalSection(SolutionProperties) = preSolution
		HideSolutionNode = FALSE
	EndGlobalSection
	GlobalSection(ExtensibilityGlobals) = postSolution
		SolutionGuid = {D49FB1E5-4B05-48DA-A225-C9E3E6FBF6C7}
	EndGlobalSection
EndGlobal
